// !$*UTF8*$!
{
	archiveVersion = 1;
	classes = {
	};
	objectVersion = 56;
	objects = {

/* Begin PBXBuildFile section */
		9CA11A612B0BF1420034CFB3 /* AppDelegate.swift in Sources */ = {isa = PBXBuildFile; fileRef = 9CA11A602B0BF1420034CFB3 /* AppDelegate.swift */; };
		9CA11A632B0BF1420034CFB3 /* SceneDelegate.swift in Sources */ = {isa = PBXBuildFile; fileRef = 9CA11A622B0BF1420034CFB3 /* SceneDelegate.swift */; };
		9CA11A652B0BF1420034CFB3 /* TaskListViewController.swift in Sources */ = {isa = PBXBuildFile; fileRef = 9CA11A642B0BF1420034CFB3 /* TaskListViewController.swift */; };
		9CA11A682B0BF1420034CFB3 /* Main.storyboard in Resources */ = {isa = PBXBuildFile; fileRef = 9CA11A662B0BF1420034CFB3 /* Main.storyboard */; };
		9CA11A6A2B0BF1430034CFB3 /* Assets.xcassets in Resources */ = {isa = PBXBuildFile; fileRef = 9CA11A692B0BF1430034CFB3 /* Assets.xcassets */; };
		9CA11A6D2B0BF1430034CFB3 /* LaunchScreen.storyboard in Resources */ = {isa = PBXBuildFile; fileRef = 9CA11A6B2B0BF1430034CFB3 /* LaunchScreen.storyboard */; };
		9CA11A7A2B0BF2190034CFB3 /* TaskModel.swift in Sources */ = {isa = PBXBuildFile; fileRef = 9CA11A792B0BF2190034CFB3 /* TaskModel.swift */; };
		9CA11A7C2B0BF2290034CFB3 /* NetworkManager.swift in Sources */ = {isa = PBXBuildFile; fileRef = 9CA11A7B2B0BF2290034CFB3 /* NetworkManager.swift */; };
		9CA11A7F2B0BF6320034CFB3 /* TaskTableViewCell.swift in Sources */ = {isa = PBXBuildFile; fileRef = 9CA11A7E2B0BF6320034CFB3 /* TaskTableViewCell.swift */; };
/* End PBXBuildFile section */

/* Begin PBXFileReference section */
		9CA11A5D2B0BF1420034CFB3 /* iOS-Task-API.app */ = {isa = PBXFileReference; explicitFileType = wrapper.application; includeInIndex = 0; path = "iOS-Task-API.app"; sourceTree = BUILT_PRODUCTS_DIR; };
		9CA11A602B0BF1420034CFB3 /* AppDelegate.swift */ = {isa = PBXFileReference; lastKnownFileType = sourcecode.swift; path = AppDelegate.swift; sourceTree = "<group>"; };
		9CA11A622B0BF1420034CFB3 /* SceneDelegate.swift */ = {isa = PBXFileReference; lastKnownFileType = sourcecode.swift; path = SceneDelegate.swift; sourceTree = "<group>"; };
		9CA11A642B0BF1420034CFB3 /* TaskListViewController.swift */ = {isa = PBXFileReference; lastKnownFileType = sourcecode.swift; path = TaskListViewController.swift; sourceTree = "<group>"; };
		9CA11A672B0BF1420034CFB3 /* Base */ = {isa = PBXFileReference; lastKnownFileType = file.storyboard; name = Base; path = Base.lproj/Main.storyboard; sourceTree = "<group>"; };
		9CA11A692B0BF1430034CFB3 /* Assets.xcassets */ = {isa = PBXFileReference; lastKnownFileType = folder.assetcatalog; path = Assets.xcassets; sourceTree = "<group>"; };
		9CA11A6C2B0BF1430034CFB3 /* Base */ = {isa = PBXFileReference; lastKnownFileType = file.storyboard; name = Base; path = Base.lproj/LaunchScreen.storyboard; sourceTree = "<group>"; };
		9CA11A6E2B0BF1430034CFB3 /* Info.plist */ = {isa = PBXFileReference; lastKnownFileType = text.plist.xml; path = Info.plist; sourceTree = "<group>"; };
		9CA11A792B0BF2190034CFB3 /* TaskModel.swift */ = {isa = PBXFileReference; lastKnownFileType = sourcecode.swift; path = TaskModel.swift; sourceTree = "<group>"; };
		9CA11A7B2B0BF2290034CFB3 /* NetworkManager.swift */ = {isa = PBXFileReference; lastKnownFileType = sourcecode.swift; path = NetworkManager.swift; sourceTree = "<group>"; };
		9CA11A7E2B0BF6320034CFB3 /* TaskTableViewCell.swift */ = {isa = PBXFileReference; lastKnownFileType = sourcecode.swift; path = TaskTableViewCell.swift; sourceTree = "<group>"; };
/* End PBXFileReference section */

/* Begin PBXFrameworksBuildPhase section */
		9CA11A5A2B0BF1420034CFB3 /* Frameworks */ = {
			isa = PBXFrameworksBuildPhase;
			buildActionMask = 2147483647;
			files = (
			);
			runOnlyForDeploymentPostprocessing = 0;
		};
/* End PBXFrameworksBuildPhase section */

/* Begin PBXGroup section */
		9CA11A542B0BF1420034CFB3 = {
			isa = PBXGroup;
			children = (
				9CA11A5F2B0BF1420034CFB3 /* iOS-Task-API */,
				9CA11A752B0BF1DB0034CFB3 /* Model */,
				9CA11A762B0BF1EB0034CFB3 /* Network */,
				9CA11A772B0BF1F80034CFB3 /* Views */,
				9CA11A782B0BF2040034CFB3 /* Controllers */,
				9CA11A7D2B0BF2950034CFB3 /* Supporting Files */,
				9CA11A5E2B0BF1420034CFB3 /* Products */,
			);
			sourceTree = "<group>";
		};
		9CA11A5E2B0BF1420034CFB3 /* Products */ = {
			isa = PBXGroup;
			children = (
				9CA11A5D2B0BF1420034CFB3 /* iOS-Task-API.app */,
			);
			name = Products;
			sourceTree = "<group>";
		};
		9CA11A5F2B0BF1420034CFB3 /* iOS-Task-API */ = {
			isa = PBXGroup;
			children = (
				9CA11A602B0BF1420034CFB3 /* AppDelegate.swift */,
				9CA11A622B0BF1420034CFB3 /* SceneDelegate.swift */,
				9CA11A6E2B0BF1430034CFB3 /* Info.plist */,
			);
			path = "iOS-Task-API";
			sourceTree = "<group>";
		};
		9CA11A752B0BF1DB0034CFB3 /* Model */ = {
			isa = PBXGroup;
			children = (
				9CA11A792B0BF2190034CFB3 /* TaskModel.swift */,
			);
			path = Model;
			sourceTree = "<group>";
		};
		9CA11A762B0BF1EB0034CFB3 /* Network */ = {
			isa = PBXGroup;
			children = (
				9CA11A7B2B0BF2290034CFB3 /* NetworkManager.swift */,
			);
			path = Network;
			sourceTree = "<group>";
		};
		9CA11A772B0BF1F80034CFB3 /* Views */ = {
			isa = PBXGroup;
			children = (
				9CA11A7E2B0BF6320034CFB3 /* TaskTableViewCell.swift */,
			);
			path = Views;
			sourceTree = "<group>";
		};
		9CA11A782B0BF2040034CFB3 /* Controllers */ = {
			isa = PBXGroup;
			children = (
				9CA11A642B0BF1420034CFB3 /* TaskListViewController.swift */,
			);
			path = Controllers;
			sourceTree = "<group>";
		};
		9CA11A7D2B0BF2950034CFB3 /* Supporting Files */ = {
			isa = PBXGroup;
			children = (
				9CA11A662B0BF1420034CFB3 /* Main.storyboard */,
				9CA11A6B2B0BF1430034CFB3 /* LaunchScreen.storyboard */,
				9CA11A692B0BF1430034CFB3 /* Assets.xcassets */,
			);
			path = "Supporting Files";
			sourceTree = "<group>";
		};
/* End PBXGroup section */

/* Begin PBXNativeTarget section */
		9CA11A5C2B0BF1420034CFB3 /* iOS-Task-API */ = {
			isa = PBXNativeTarget;
			buildConfigurationList = 9CA11A712B0BF1430034CFB3 /* Build configuration list for PBXNativeTarget "iOS-Task-API" */;
			buildPhases = (
				9CA11A592B0BF1420034CFB3 /* Sources */,
				9CA11A5A2B0BF1420034CFB3 /* Frameworks */,
				9CA11A5B2B0BF1420034CFB3 /* Resources */,
			);
			buildRules = (
			);
			dependencies = (
			);
			name = "iOS-Task-API";
			productName = "iOS-Task-API";
			productReference = 9CA11A5D2B0BF1420034CFB3 /* iOS-Task-API.app */;
			productType = "com.apple.product-type.application";
		};
/* End PBXNativeTarget section */

/* Begin PBXProject section */
		9CA11A552B0BF1420034CFB3 /* Project object */ = {
			isa = PBXProject;
			attributes = {
				BuildIndependentTargetsInParallel = 1;
				LastSwiftUpdateCheck = 1500;
				LastUpgradeCheck = 1500;
				TargetAttributes = {
					9CA11A5C2B0BF1420034CFB3 = {
						CreatedOnToolsVersion = 15.0.1;
					};
				};
			};
			buildConfigurationList = 9CA11A582B0BF1420034CFB3 /* Build configuration list for PBXProject "iOS-Task-API" */;
			compatibilityVersion = "Xcode 14.0";
			developmentRegion = en;
			hasScannedForEncodings = 0;
			knownRegions = (
				en,
				Base,
			);
			mainGroup = 9CA11A542B0BF1420034CFB3;
			productRefGroup = 9CA11A5E2B0BF1420034CFB3 /* Products */;
			projectDirPath = "";
			projectRoot = "";
			targets = (
				9CA11A5C2B0BF1420034CFB3 /* iOS-Task-API */,
			);
		};
/* End PBXProject section */

/* Begin PBXResourcesBuildPhase section */
		9CA11A5B2B0BF1420034CFB3 /* Resources */ = {
			isa = PBXResourcesBuildPhase;
			buildActionMask = 2147483647;
			files = (
				9CA11A6D2B0BF1430034CFB3 /* LaunchScreen.storyboard in Resources */,
				9CA11A6A2B0BF1430034CFB3 /* Assets.xcassets in Resources */,
				9CA11A682B0BF1420034CFB3 /* Main.storyboard in Resources */,
			);
			runOnlyForDeploymentPostprocessing = 0;
		};
/* End PBXResourcesBuildPhase section */

/* Begin PBXSourcesBuildPhase section */
		9CA11A592B0BF1420034CFB3 /* Sources */ = {
			isa = PBXSourcesBuildPhase;
			buildActionMask = 2147483647;
			files = (
				9CA11A652B0BF1420034CFB3 /* TaskListViewController.swift in Sources */,
				9CA11A612B0BF1420034CFB3 /* AppDelegate.swift in Sources */,
				9CA11A7F2B0BF6320034CFB3 /* TaskTableViewCell.swift in Sources */,
				9CA11A7C2B0BF2290034CFB3 /* NetworkManager.swift in Sources */,
				9CA11A7A2B0BF2190034CFB3 /* TaskModel.swift in Sources */,
				9CA11A632B0BF1420034CFB3 /* SceneDelegate.swift in Sources */,
			);
			runOnlyForDeploymentPostprocessing = 0;
		};
/* End PBXSourcesBuildPhase section */

/* Begin PBXVariantGroup section */
		9CA11A662B0BF1420034CFB3 /* Main.storyboard */ = {
			isa = PBXVariantGroup;
			children = (
				9CA11A672B0BF1420034CFB3 /* Base */,
			);
			name = Main.storyboard;
			sourceTree = "<group>";
		};
		9CA11A6B2B0BF1430034CFB3 /* LaunchScreen.storyboard */ = {
			isa = PBXVariantGroup;
			children = (
				9CA11A6C2B0BF1430034CFB3 /* Base */,
			);
			name = LaunchScreen.storyboard;
			sourceTree = "<group>";
		};
/* End PBXVariantGroup section */

/* Begin XCBuildConfiguration section */
		9CA11A6F2B0BF1430034CFB3 /* Debug */ = {
			isa = XCBuildConfiguration;
			buildSettings = {
				ALWAYS_SEARCH_USER_PATHS = NO;
				ASSETCATALOG_COMPILER_GENERATE_SWIFT_ASSET_SYMBOL_EXTENSIONS = YES;
				CLANG_ANALYZER_NONNULL = YES;
				CLANG_ANALYZER_NUMBER_OBJECT_CONVERSION = YES_AGGRESSIVE;
				CLANG_CXX_LANGUAGE_STANDARD = "gnu++20";
				CLANG_ENABLE_MODULES = YES;
				CLANG_ENABLE_OBJC_ARC = YES;
				CLANG_ENABLE_OBJC_WEAK = YES;
				CLANG_WARN_BLOCK_CAPTURE_AUTORELEASING = YES;
				CLANG_WARN_BOOL_CONVERSION = YES;
				CLANG_WARN_COMMA = YES;
				CLANG_WARN_CONSTANT_CONVERSION = YES;
				CLANG_WARN_DEPRECATED_OBJC_IMPLEMENTATIONS = YES;
				CLANG_WARN_DIRECT_OBJC_ISA_USAGE = YES_ERROR;
				CLANG_WARN_DOCUMENTATION_COMMENTS = YES;
				CLANG_WARN_EMPTY_BODY = YES;
				CLANG_WARN_ENUM_CONVERSION = YES;
				CLANG_WARN_INFINITE_RECURSION = YES;
				CLANG_WARN_INT_CONVERSION = YES;
				CLANG_WARN_NON_LITERAL_NULL_CONVERSION = YES;
				CLANG_WARN_OBJC_IMPLICIT_RETAIN_SELF = YES;
				CLANG_WARN_OBJC_LITERAL_CONVERSION = YES;
				CLANG_WARN_OBJC_ROOT_CLASS = YES_ERROR;
				CLANG_WARN_QUOTED_INCLUDE_IN_FRAMEWORK_HEADER = YES;
				CLANG_WARN_RANGE_LOOP_ANALYSIS = YES;
				CLANG_WARN_STRICT_PROTOTYPES = YES;
				CLANG_WARN_SUSPICIOUS_MOVE = YES;
				CLANG_WARN_UNGUARDED_AVAILABILITY = YES_AGGRESSIVE;
				CLANG_WARN_UNREACHABLE_CODE = YES;
				CLANG_WARN__DUPLICATE_METHOD_MATCH = YES;
				COPY_PHASE_STRIP = NO;
				DEBUG_INFORMATION_FORMAT = dwarf;
				ENABLE_STRICT_OBJC_MSGSEND = YES;
				ENABLE_TESTABILITY = YES;
				ENABLE_USER_SCRIPT_SANDBOXING = YES;
				GCC_C_LANGUAGE_STANDARD = gnu17;
				GCC_DYNAMIC_NO_PIC = NO;
				GCC_NO_COMMON_BLOCKS = YES;
				GCC_OPTIMIZATION_LEVEL = 0;
				GCC_PREPROCESSOR_DEFINITIONS = (
					"DEBUG=1",
					"$(inherited)",
				);
				GCC_WARN_64_TO_32_BIT_CONVERSION = YES;
				GCC_WARN_ABOUT_RETURN_TYPE = YES_ERROR;
				GCC_WARN_UNDECLARED_SELECTOR = YES;
				GCC_WARN_UNINITIALIZED_AUTOS = YES_AGGRESSIVE;
				GCC_WARN_UNUSED_FUNCTION = YES;
				GCC_WARN_UNUSED_VARIABLE = YES;
				IPHONEOS_DEPLOYMENT_TARGET = 17.0;
				LOCALIZATION_PREFERS_STRING_CATALOGS = YES;
				MTL_ENABLE_DEBUG_INFO = INCLUDE_SOURCE;
				MTL_FAST_MATH = YES;
				ONLY_ACTIVE_ARCH = YES;
				SDKROOT = iphoneos;
				SWIFT_ACTIVE_COMPILATION_CONDITIONS = "DEBUG $(inherited)";
				SWIFT_OPTIMIZATION_LEVEL = "-Onone";
			};
			name = Debug;
		};
		9CA11A702B0BF1430034CFB3 /* Release */ = {
			isa = XCBuildConfiguration;
			buildSettings = {
				ALWAYS_SEARCH_USER_PATHS = NO;
				ASSETCATALOG_COMPILER_GENERATE_SWIFT_ASSET_SYMBOL_EXTENSIONS = YES;
				CLANG_ANALYZER_NONNULL = YES;
				CLANG_ANALYZER_NUMBER_OBJECT_CONVERSION = YES_AGGRESSIVE;
				CLANG_CXX_LANGUAGE_STANDARD = "gnu++20";
				CLANG_ENABLE_MODULES = YES;
				CLANG_ENABLE_OBJC_ARC = YES;
				CLANG_ENABLE_OBJC_WEAK = YES;
				CLANG_WARN_BLOCK_CAPTURE_AUTORELEASING = YES;
				CLANG_WARN_BOOL_CONVERSION = YES;
				CLANG_WARN_COMMA = YES;
				CLANG_WARN_CONSTANT_CONVERSION = YES;
				CLANG_WARN_DEPRECATED_OBJC_IMPLEMENTATIONS = YES;
				CLANG_WARN_DIRECT_OBJC_ISA_USAGE = YES_ERROR;
				CLANG_WARN_DOCUMENTATION_COMMENTS = YES;
				CLANG_WARN_EMPTY_BODY = YES;
				CLANG_WARN_ENUM_CONVERSION = YES;
				CLANG_WARN_INFINITE_RECURSION = YES;
				CLANG_WARN_INT_CONVERSION = YES;
				CLANG_WARN_NON_LITERAL_NULL_CONVERSION = YES;
				CLANG_WARN_OBJC_IMPLICIT_RETAIN_SELF = YES;
				CLANG_WARN_OBJC_LITERAL_CONVERSION = YES;
				CLANG_WARN_OBJC_ROOT_CLASS = YES_ERROR;
				CLANG_WARN_QUOTED_INCLUDE_IN_FRAMEWORK_HEADER = YES;
				CLANG_WARN_RANGE_LOOP_ANALYSIS = YES;
				CLANG_WARN_STRICT_PROTOTYPES = YES;
				CLANG_WARN_SUSPICIOUS_MOVE = YES;
				CLANG_WARN_UNGUARDED_AVAILABILITY = YES_AGGRESSIVE;
				CLANG_WARN_UNREACHABLE_CODE = YES;
				CLANG_WARN__DUPLICATE_METHOD_MATCH = YES;
				COPY_PHASE_STRIP = NO;
				DEBUG_INFORMATION_FORMAT = "dwarf-with-dsym";
				ENABLE_NS_ASSERTIONS = NO;
				ENABLE_STRICT_OBJC_MSGSEND = YES;
				ENABLE_USER_SCRIPT_SANDBOXING = YES;
				GCC_C_LANGUAGE_STANDARD = gnu17;
				GCC_NO_COMMON_BLOCKS = YES;
				GCC_WARN_64_TO_32_BIT_CONVERSION = YES;
				GCC_WARN_ABOUT_RETURN_TYPE = YES_ERROR;
				GCC_WARN_UNDECLARED_SELECTOR = YES;
				GCC_WARN_UNINITIALIZED_AUTOS = YES_AGGRESSIVE;
				GCC_WARN_UNUSED_FUNCTION = YES;
				GCC_WARN_UNUSED_VARIABLE = YES;
				IPHONEOS_DEPLOYMENT_TARGET = 17.0;
				LOCALIZATION_PREFERS_STRING_CATALOGS = YES;
				MTL_ENABLE_DEBUG_INFO = NO;
				MTL_FAST_MATH = YES;
				SDKROOT = iphoneos;
				SWIFT_COMPILATION_MODE = wholemodule;
				VALIDATE_PRODUCT = YES;
			};
			name = Release;
		};
		9CA11A722B0BF1430034CFB3 /* Debug */ = {
			isa = XCBuildConfiguration;
			buildSettings = {
				ASSETCATALOG_COMPILER_APPICON_NAME = AppIcon;
				ASSETCATALOG_COMPILER_GLOBAL_ACCENT_COLOR_NAME = AccentColor;
				CODE_SIGN_STYLE = Automatic;
				CURRENT_PROJECT_VERSION = 1;
				DEVELOPMENT_TEAM = 9TCWXH8WU4;
				GENERATE_INFOPLIST_FILE = YES;
				INFOPLIST_FILE = "iOS-Task-API/Info.plist";
				INFOPLIST_KEY_UIApplicationSupportsIndirectInputEvents = YES;
				INFOPLIST_KEY_UILaunchStoryboardName = LaunchScreen;
				INFOPLIST_KEY_UIMainStoryboardFile = Main;
				INFOPLIST_KEY_UISupportedInterfaceOrientations_iPad = "UIInterfaceOrientationPortrait UIInterfaceOrientationPortraitUpsideDown UIInterfaceOrientationLandscapeLeft UIInterfaceOrientationLandscapeRight";
				INFOPLIST_KEY_UISupportedInterfaceOrientations_iPhone = "UIInterfaceOrientationPortrait UIInterfaceOrientationLandscapeLeft UIInterfaceOrientationLandscapeRight";
				LD_RUNPATH_SEARCH_PATHS = (
					"$(inherited)",
					"@executable_path/Frameworks",
				);
				MARKETING_VERSION = 1.0;
				PRODUCT_BUNDLE_IDENTIFIER = "com.reck.iOS-Task-API";
				PRODUCT_NAME = "$(TARGET_NAME)";
				SWIFT_EMIT_LOC_STRINGS = YES;
				SWIFT_VERSION = 5.0;
				TARGETED_DEVICE_FAMILY = "1,2";
			};
			name = Debug;
		};
		9CA11A732B0BF1430034CFB3 /* Release */ = {
			isa = XCBuildConfiguration;
			buildSettings = {
				ASSETCATALOG_COMPILER_APPICON_NAME = AppIcon;
				ASSETCATALOG_COMPILER_GLOBAL_ACCENT_COLOR_NAME = AccentColor;
				CODE_SIGN_STYLE = Automatic;
				CURRENT_PROJECT_VERSION = 1;
				DEVELOPMENT_TEAM = 9TCWXH8WU4;
				GENERATE_INFOPLIST_FILE = YES;
				INFOPLIST_FILE = "iOS-Task-API/Info.plist";
				INFOPLIST_KEY_UIApplicationSupportsIndirectInputEvents = YES;
				INFOPLIST_KEY_UILaunchStoryboardName = LaunchScreen;
				INFOPLIST_KEY_UIMainStoryboardFile = Main;
				INFOPLIST_KEY_UISupportedInterfaceOrientations_iPad = "UIInterfaceOrientationPortrait UIInterfaceOrientationPortraitUpsideDown UIInterfaceOrientationLandscapeLeft UIInterfaceOrientationLandscapeRight";
				INFOPLIST_KEY_UISupportedInterfaceOrientations_iPhone = "UIInterfaceOrientationPortrait UIInterfaceOrientationLandscapeLeft UIInterfaceOrientationLandscapeRight";
				LD_RUNPATH_SEARCH_PATHS = (
					"$(inherited)",
					"@executable_path/Frameworks",
				);
				MARKETING_VERSION = 1.0;
				PRODUCT_BUNDLE_IDENTIFIER = "com.reck.iOS-Task-API";
				PRODUCT_NAME = "$(TARGET_NAME)";
				SWIFT_EMIT_LOC_STRINGS = YES;
				SWIFT_VERSION = 5.0;
				TARGETED_DEVICE_FAMILY = "1,2";
			};
			name = Release;
		};
/* End XCBuildConfiguration section */

/* Begin XCConfigurationList section */
		9CA11A582B0BF1420034CFB3 /* Build configuration list for PBXProject "iOS-Task-API" */ = {
			isa = XCConfigurationList;
			buildConfigurations = (
				9CA11A6F2B0BF1430034CFB3 /* Debug */,
				9CA11A702B0BF1430034CFB3 /* Release */,
			);
			defaultConfigurationIsVisible = 0;
			defaultConfigurationName = Release;
		};
		9CA11A712B0BF1430034CFB3 /* Build configuration list for PBXNativeTarget "iOS-Task-API" */ = {
			isa = XCConfigurationList;
			buildConfigurations = (
				9CA11A722B0BF1430034CFB3 /* Debug */,
				9CA11A732B0BF1430034CFB3 /* Release */,
			);
			defaultConfigurationIsVisible = 0;
			defaultConfigurationName = Release;
		};
/* End XCConfigurationList section */
	};
	rootObject = 9CA11A552B0BF1420034CFB3 /* Project object */;
}
